{
  "object": {
    "pins": [
      {
        "package": "PromiseKit",
        "repositoryURL": "https://github.com/mxcl/PromiseKit.git",
        "state": {
          "branch": null,
          "revision": "c0d2c0d026a207a64bcfe2a15a9b16a2d96991bb",
          "version": "6.15.1"
        }
      }
    ]
  },
  "version": 1
}
