{
  "object": {
    "pins": [
      {
        "package": "PromiseKit",
        "repositoryURL": "https://github.com/mxcl/PromiseKit.git",
        "state": {
          "branch": null,
          "revision": "44402644d7973879153784b02c0745de32634a35",
          "version": "6.15.2"
        }
      }
    ]
  },
  "version": 1
}
