{
  "object": {
    "pins": [
      {
        "package": "PromiseKit",
        "repositoryURL": "https://github.com/mxcl/PromiseKit.git",
        "state": {
          "branch": null,
          "revision": "cb70b070cde06837cd10a1febdf6105c1a3bb348",
          "version": "8.1.1"
        }
      }
    ]
  },
  "version": 1
}
